
Microsoft Visual Studio Solution File, Format Version 12.00
# Visual Studio Version 16
VisualStudioVersion = 16.0.30517.126
MinimumVisualStudioVersion = 10.0.40219.1
Project("{FAE04EC0-301F-11D3-BF4B-00C04F79EFBC}") = "RimStats", "RimStats.csproj", "{A436D32C-5325-42C2-9490-83DAE25641CB}"
EndProject
Global
	GlobalSection(SolutionConfigurationPlatforms) = preSolution
		Debug|Any CPU = Debug|Any CPU
		Release|Any CPU = Release|Any CPU
	EndGlobalSection
	GlobalSection(ProjectConfigurationPlatforms) = postSolution
		{A436D32C-5325-42C2-9490-83DAE25641CB}.Debug|Any CPU.ActiveCfg = Debug|Any CPU
		{A436D32C-5325-42C2-9490-83DAE25641CB}.Debug|Any CPU.Build.0 = Debug|Any CPU
		{A436D32C-5325-42C2-9490-83DAE25641CB}.Release|Any CPU.ActiveCfg = Release|Any CPU
		{A436D32C-5325-42C2-9490-83DAE25641CB}.Release|Any CPU.Build.0 = Release|Any CPU
	EndGlobalSection
	GlobalSection(SolutionProperties) = preSolution
		HideSolutionNode = FALSE
	EndGlobalSection
	GlobalSection(ExtensibilityGlobals) = postSolution
		SolutionGuid = {5710F2A8-117E-4EAE-BAD1-79926246B90A}
	EndGlobalSection
EndGlobal
